
Microsoft Visual Studio Solution File, Format Version 12.00
# Visual Studio Version 17
VisualStudioVersion = 17.5.002.0
MinimumVisualStudioVersion = 10.0.40219.1
Project("{9A19103F-16F7-4668-BE54-9A1E7A4F7556}") = "epi-razor-component-issue", "epi-razor-component-issue.csproj", "{33CE0F36-EC1F-40B9-BBC9-7ABADA02BCAA}"
EndProject
Global
	GlobalSection(SolutionConfigurationPlatforms) = preSolution
		Debug|Any CPU = Debug|Any CPU
		Release|Any CPU = Release|Any CPU
	EndGlobalSection
	GlobalSection(ProjectConfigurationPlatforms) = postSolution
		{33CE0F36-EC1F-40B9-BBC9-7ABADA02BCAA}.Debug|Any CPU.ActiveCfg = Debug|Any CPU
		{33CE0F36-EC1F-40B9-BBC9-7ABADA02BCAA}.Debug|Any CPU.Build.0 = Debug|Any CPU
		{33CE0F36-EC1F-40B9-BBC9-7ABADA02BCAA}.Release|Any CPU.ActiveCfg = Release|Any CPU
		{33CE0F36-EC1F-40B9-BBC9-7ABADA02BCAA}.Release|Any CPU.Build.0 = Release|Any CPU
	EndGlobalSection
	GlobalSection(SolutionProperties) = preSolution
		HideSolutionNode = FALSE
	EndGlobalSection
	GlobalSection(ExtensibilityGlobals) = postSolution
		SolutionGuid = {21ED457F-FA80-4C55-88AE-094F95089714}
	EndGlobalSection
EndGlobal
